{
  "name": "pid-did-driver",
  "version": "1.2.0",
  "lockfileVersion": 1,
  "requires": true,
  "dependencies": {
    "@babel/runtime": {
      "version": "7.16.5",
      "resolved": "https://registry.npmjs.org/@babel/runtime/-/runtime-7.16.5.tgz",
      "integrity": "sha512-TXWihFIS3Pyv5hzR7j6ihmeLkZfrXGxAr5UfSl8CHf+6q/wpiYDkUau0czckpYG8QmnCIuPpdLtuA9VmuGGyMA==",
      "requires": {
        "regenerator-runtime": "^0.13.4"
      }
    },
    "@kiltprotocol/type-definitions": {
      "version": "0.1.23",
      "resolved": "https://registry.npmjs.org/@kiltprotocol/type-definitions/-/type-definitions-0.1.23.tgz",
      "integrity": "sha512-5bGUDo8aVTWttwUrV1gyRUlbBn9zllv6/ofAda9ejMbjY5o99YqsAWlXg1mro6BqE3rcF/i0tGbIdO9Z0tOttA=="
    },
    "@noble/hashes": {
      "version": "0.4.5",
      "resolved": "https://registry.npmjs.org/@noble/hashes/-/hashes-0.4.5.tgz",
      "integrity": "sha512-oK/2b9gHb1CfiFwpPHQs010WgROn4ioilT7TFwxMVwuDaXEJP3QPhyedYbOpgM4JDBgT9n5gaispBQlkaAgT6g=="
    },
    "@noble/secp256k1": {
      "version": "1.3.4",
      "resolved": "https://registry.npmjs.org/@noble/secp256k1/-/secp256k1-1.3.4.tgz",
      "integrity": "sha512-ZVRouDO5mbdCiDg4zCd3ZZABduRtpy4tCnB33Gh9upHe9tRzpiqbRSN1VTjrj/2g8u2c6MBi0YLNnNQpBYOiWg=="
    },
    "@polkadot/api": {
      "version": "6.12.1",
      "resolved": "https://registry.npmjs.org/@polkadot/api/-/api-6.12.1.tgz",
      "integrity": "sha512-RVdTiA2WaEvproM3i6E9TKS1bfXpPd9Ly9lUG/kVLaspjKoIot9DJUDTl97TJ+7xr8LXGbXqm448Ud0hsEBV8Q==",
      "requires": {
        "@babel/runtime": "^7.16.3",
        "@polkadot/api-derive": "6.12.1",
        "@polkadot/keyring": "^8.1.2",
        "@polkadot/rpc-core": "6.12.1",
        "@polkadot/rpc-provider": "6.12.1",
        "@polkadot/types": "6.12.1",
        "@polkadot/types-known": "6.12.1",
        "@polkadot/util": "^8.1.2",
        "@polkadot/util-crypto": "^8.1.2",
        "eventemitter3": "^4.0.7",
        "rxjs": "^7.4.0"
      }
    },
    "@polkadot/api-derive": {
      "version": "6.12.1",
      "resolved": "https://registry.npmjs.org/@polkadot/api-derive/-/api-derive-6.12.1.tgz",
      "integrity": "sha512-5LOVlG5EBCT+ytY6aHmQ4RdEWZovZQqRoc6DLd5BLhkR7BFTHKSkLQW+89so8jd0zEtmSXBVPPnsrXS8joM35Q==",
      "requires": {
        "@babel/runtime": "^7.16.3",
        "@polkadot/api": "6.12.1",
        "@polkadot/rpc-core": "6.12.1",
        "@polkadot/types": "6.12.1",
        "@polkadot/util": "^8.1.2",
        "@polkadot/util-crypto": "^8.1.2",
        "rxjs": "^7.4.0"
      }
    },
    "@polkadot/keyring": {
      "version": "8.2.2",
      "resolved": "https://registry.npmjs.org/@polkadot/keyring/-/keyring-8.2.2.tgz",
      "integrity": "sha512-GK8puQVtQJ67sVyq0WIWHPeRXfIcqz2ztgRHnGP4JEptS9NSFByQNq1EEpQnEUZwXu9CQfHz90eiLZc1BpC8lQ==",
      "requires": {
        "@babel/runtime": "^7.16.5",
        "@polkadot/util": "8.2.2",
        "@polkadot/util-crypto": "8.2.2"
      }
    },
    "@polkadot/networks": {
      "version": "8.2.2",
      "resolved": "https://registry.npmjs.org/@polkadot/networks/-/networks-8.2.2.tgz",
      "integrity": "sha512-PshHrf5wBXib63l03YISnHMf5/fS1/Jv2rEN58EgYy9VK87HBXjT7qQ1Ea/d1cFI2EmfEDvhFsP+u3i6AlejQQ==",
      "requires": {
        "@babel/runtime": "^7.16.5"
      }
    },
    "@polkadot/rpc-core": {
      "version": "6.12.1",
      "resolved": "https://registry.npmjs.org/@polkadot/rpc-core/-/rpc-core-6.12.1.tgz",
      "integrity": "sha512-Hb08D9zho3SB1UNlUCmG5q0gdgbOx25JKGLDfSYpD/wtD0Y1Sf2X5cfgtMoSYE3USWiRdCu4BxQkXTiRjPjzJg==",
      "requires": {
        "@babel/runtime": "^7.16.3",
        "@polkadot/rpc-provider": "6.12.1",
        "@polkadot/types": "6.12.1",
        "@polkadot/util": "^8.1.2",
        "rxjs": "^7.4.0"
      }
    },
    "@polkadot/rpc-provider": {
      "version": "6.12.1",
      "resolved": "https://registry.npmjs.org/@polkadot/rpc-provider/-/rpc-provider-6.12.1.tgz",
      "integrity": "sha512-uUHD3fLTOeZYWJoc6DQlhz+MJR33rVelasV+OxFY2nSD9MSNXRwQh+9UKDQBnyxw5B4BZ2QaEGfucDeavXmVDw==",
      "requires": {
        "@babel/runtime": "^7.16.3",
        "@polkadot/types": "6.12.1",
        "@polkadot/util": "^8.1.2",
        "@polkadot/util-crypto": "^8.1.2",
        "@polkadot/x-fetch": "^8.1.2",
        "@polkadot/x-global": "^8.1.2",
        "@polkadot/x-ws": "^8.1.2",
        "eventemitter3": "^4.0.7"
      }
    },
    "@polkadot/types": {
      "version": "6.12.1",
      "resolved": "https://registry.npmjs.org/@polkadot/types/-/types-6.12.1.tgz",
      "integrity": "sha512-O37cAGUL0xiXTuO3ySweVh0OuFUD6asrd0TfuzGsEp3jAISWdElEHV5QDiftWq8J9Vf8BMgTcP2QLFbmSusxqA==",
      "requires": {
        "@babel/runtime": "^7.16.3",
        "@polkadot/types-known": "6.12.1",
        "@polkadot/util": "^8.1.2",
        "@polkadot/util-crypto": "^8.1.2",
        "rxjs": "^7.4.0"
      }
    },
    "@polkadot/types-known": {
      "version": "6.12.1",
      "resolved": "https://registry.npmjs.org/@polkadot/types-known/-/types-known-6.12.1.tgz",
      "integrity": "sha512-Z8bHpPQy+mqUm0uR1tai6ra0bQIoPmgRcGFYUM+rJtW1kx/6kZLh10HAICjLpPeA1cwLRzaxHRDqH5MCU6OgXw==",
      "requires": {
        "@babel/runtime": "^7.16.3",
        "@polkadot/networks": "^8.1.2",
        "@polkadot/types": "6.12.1",
        "@polkadot/util": "^8.1.2"
      }
    },
    "@polkadot/util": {
      "version": "8.2.2",
      "resolved": "https://registry.npmjs.org/@polkadot/util/-/util-8.2.2.tgz",
      "integrity": "sha512-tiHe0rcQvofd3vUVCRmvfULAv9yBG7s/huv1ZLVY/JGT1JBDonc1HWU3Vdb5MvWpx2R+HHv19ORHyD/LiROE9A==",
      "requires": {
        "@babel/runtime": "^7.16.5",
        "@polkadot/x-bigint": "8.2.2",
        "@polkadot/x-global": "8.2.2",
        "@polkadot/x-textdecoder": "8.2.2",
        "@polkadot/x-textencoder": "8.2.2",
        "@types/bn.js": "^4.11.6",
        "bn.js": "^4.12.0",
        "ip-regex": "^4.3.0"
      }
    },
    "@polkadot/util-crypto": {
      "version": "8.2.2",
      "resolved": "https://registry.npmjs.org/@polkadot/util-crypto/-/util-crypto-8.2.2.tgz",
      "integrity": "sha512-bKFE6j1q2Dnz1o1QFvhX2QzkMLi9QHU4a5T7+El5J7OsOxGqssMAVHAmB+YoAuSLqPSQBmZa9CN23IiuJnfsbw==",
      "requires": {
        "@babel/runtime": "^7.16.5",
        "@noble/hashes": "^0.4.5",
        "@noble/secp256k1": "^1.3.4",
        "@polkadot/networks": "8.2.2",
        "@polkadot/util": "8.2.2",
        "@polkadot/wasm-crypto": "^4.5.1",
        "@polkadot/x-bigint": "8.2.2",
        "@polkadot/x-randomvalues": "8.2.2",
        "ed2curve": "^0.3.0",
        "micro-base": "^0.10.0",
        "tweetnacl": "^1.0.3"
      },
      "dependencies": {
        "tweetnacl": {
          "version": "1.0.3",
          "resolved": "https://registry.npmjs.org/tweetnacl/-/tweetnacl-1.0.3.tgz",
          "integrity": "sha512-6rt+RN7aOi1nGMyC4Xa5DdYiukl2UWCbcJft7YhxReBGQD7OAM8Pbxw6YMo4r2diNEA8FEmu32YOn9rhaiE5yw=="
        }
      }
    },
    "@polkadot/wasm-crypto": {
      "version": "4.5.1",
      "resolved": "https://registry.npmjs.org/@polkadot/wasm-crypto/-/wasm-crypto-4.5.1.tgz",
      "integrity": "sha512-Cr21ais3Kq3aedIHZ3J1tjgeD/+K8FCiwEawr0oRywNBSJR8wyuZMePs4swR/6xm8wbBkpqoBVHz/UQHqqQJmA==",
      "requires": {
        "@babel/runtime": "^7.16.3",
        "@polkadot/wasm-crypto-asmjs": "^4.5.1",
        "@polkadot/wasm-crypto-wasm": "^4.5.1"
      }
    },
    "@polkadot/wasm-crypto-asmjs": {
      "version": "4.5.1",
      "resolved": "https://registry.npmjs.org/@polkadot/wasm-crypto-asmjs/-/wasm-crypto-asmjs-4.5.1.tgz",
      "integrity": "sha512-DOdRiWhxVvmqTvp+E9z1j+Yr0zDOGsDvqnT/eNw0Dl1FVUOImsEa7FKns/urASmcxCVEE1jtUWSnij29jrORMQ==",
      "requires": {
        "@babel/runtime": "^7.16.3"
      }
    },
    "@polkadot/wasm-crypto-wasm": {
      "version": "4.5.1",
      "resolved": "https://registry.npmjs.org/@polkadot/wasm-crypto-wasm/-/wasm-crypto-wasm-4.5.1.tgz",
      "integrity": "sha512-hPwke85HxpgG/RAlwdCE8u5w7bThvWg399mlB+XjogXMxOUWBZSgq2XYbgzROUXx27inK9nStF4Pnc4zJnqs9A==",
      "requires": {
        "@babel/runtime": "^7.16.3"
      }
    },
    "@polkadot/x-bigint": {
      "version": "8.2.2",
      "resolved": "https://registry.npmjs.org/@polkadot/x-bigint/-/x-bigint-8.2.2.tgz",
      "integrity": "sha512-fX3o3FhfQNxdpA5PV4L9PrjjSKG2ZmfFOfv3TrKwsDNtZMktDDcpmW3up53LJ53FszB/WHH6WwKsehmcqAYDIw==",
      "requires": {
        "@babel/runtime": "^7.16.5",
        "@polkadot/x-global": "8.2.2"
      }
    },
    "@polkadot/x-fetch": {
      "version": "8.2.2",
      "resolved": "https://registry.npmjs.org/@polkadot/x-fetch/-/x-fetch-8.2.2.tgz",
      "integrity": "sha512-ou8d1Ccf7lt7mssr64ixXYIWOZ4I4ED5sYBeFZg7BJB+MsZnuDOVvuMlItQWh01phMCOxtHWowmh+gOI4w5IWA==",
      "requires": {
        "@babel/runtime": "^7.16.5",
        "@polkadot/x-global": "8.2.2",
        "@types/node-fetch": "^2.5.12",
        "node-fetch": "^2.6.6"
      },
      "dependencies": {
        "node-fetch": {
          "version": "2.6.6",
          "resolved": "https://registry.npmjs.org/node-fetch/-/node-fetch-2.6.6.tgz",
          "integrity": "sha512-Z8/6vRlTUChSdIgMa51jxQ4lrw/Jy5SOW10ObaA47/RElsAN2c5Pn8bTgFGWn/ibwzXTE8qwr1Yzx28vsecXEA==",
          "requires": {
            "whatwg-url": "^5.0.0"
          }
        }
      }
    },
    "@polkadot/x-global": {
      "version": "8.2.2",
      "resolved": "https://registry.npmjs.org/@polkadot/x-global/-/x-global-8.2.2.tgz",
      "integrity": "sha512-eTJ6edgoIKzjfdYN3Y6ZuJUGRAAc8Uc5X8r4/1QmhOy427QbfRKRL/cbcLat1XbyM52aplOvZf31KXTAkMREdQ==",
      "requires": {
        "@babel/runtime": "^7.16.5"
      }
    },
    "@polkadot/x-randomvalues": {
      "version": "8.2.2",
      "resolved": "https://registry.npmjs.org/@polkadot/x-randomvalues/-/x-randomvalues-8.2.2.tgz",
      "integrity": "sha512-v3dx0xvWHd5t6e41Fte63WFX/t1Fu9ug3tOr/QE6yMFrDSeDW9TzFJKklakc0tXryqW0cL4qZzUdSvguGC2TPA==",
      "requires": {
        "@babel/runtime": "^7.16.5",
        "@polkadot/x-global": "8.2.2"
      }
    },
    "@polkadot/x-textdecoder": {
      "version": "8.2.2",
      "resolved": "https://registry.npmjs.org/@polkadot/x-textdecoder/-/x-textdecoder-8.2.2.tgz",
      "integrity": "sha512-HQ/pSl4FREnxK0V7nvEdTwI08Erh6KPLwHZ0rSfUJKVDZ+NwfeW4BW/8xCEJOQIRB948Dqerl0XjEn4xCA+OPg==",
      "requires": {
        "@babel/runtime": "^7.16.5",
        "@polkadot/x-global": "8.2.2"
      }
    },
    "@polkadot/x-textencoder": {
      "version": "8.2.2",
      "resolved": "https://registry.npmjs.org/@polkadot/x-textencoder/-/x-textencoder-8.2.2.tgz",
      "integrity": "sha512-ZAOwYi/y1wRYb3WoWZMDfYPrmbPSasog2uknt8p9u2WELrrfj4zF/fRnSuMjLUNtvJuKSzj4LUCKHwTY+peSrQ==",
      "requires": {
        "@babel/runtime": "^7.16.5",
        "@polkadot/x-global": "8.2.2"
      }
    },
    "@polkadot/x-ws": {
      "version": "8.2.2",
      "resolved": "https://registry.npmjs.org/@polkadot/x-ws/-/x-ws-8.2.2.tgz",
      "integrity": "sha512-qsHzmtoFXIN59qKSkycxQ3GGyzUMlvhl+d7yU1NMaoOudJGfniTbIcDFPtee27Ydamb1DwBvkRbKw5IO8Domdg==",
      "requires": {
        "@babel/runtime": "^7.16.5",
        "@polkadot/x-global": "8.2.2",
        "@types/websocket": "^1.0.4",
        "websocket": "^1.0.34"
      }
    },
    "@proofid/chain-helpers": {
      "version": "0.0.9",
      "resolved": "https://registry.npmjs.org/@proofid/chain-helpers/-/chain-helpers-0.0.9.tgz",
      "integrity": "sha512-0PqHz4bJCkCwml9nxWvj9I5p42E7ozO3vCiWJb8FerDJHf5iTv/wwvJJxwTonSAjXmF2Yo9L1kzxyR/D2tcSjQ==",
      "requires": {
        "@kiltprotocol/type-definitions": "0.1.23",
        "@polkadot/api": "^6.11.1",
        "@polkadot/keyring": "^8.1.2",
        "@polkadot/types": "^6.11.1",
        "@polkadot/util": "^8.1.2",
        "@proofid/config": "0.0.9",
        "@proofid/types": "0.0.9",
        "@proofid/utils": "0.0.9",
        "typescript-logging": "^0.6.4"
      }
    },
    "@proofid/config": {
      "version": "0.0.9",
      "resolved": "https://registry.npmjs.org/@proofid/config/-/config-0.0.9.tgz",
      "integrity": "sha512-hGriyJZvie0ltmD0jlHeRYjOwF8pnHk5BRzM0uNvOPEuHYIDjmb5Vi2qm9z/aq+1iI60ihFNAZaD15fiC4LsWQ==",
      "requires": {
        "@proofid/utils": "0.0.9",
        "typescript-logging": "^0.6.4"
      }
    },
    "@proofid/core": {
      "version": "0.0.9",
      "resolved": "https://registry.npmjs.org/@proofid/core/-/core-0.0.9.tgz",
      "integrity": "sha512-/+ly5N2kuknrPDX9nk0VP/ESEimSh36prPBeGuGPwEyEMrhZ190Sq1qDRYpJwDAw6tov36A3JGNz8VOdajcDtg==",
      "requires": {
        "@polkadot/api": "^6.11.1",
        "@polkadot/keyring": "^8.1.2",
        "@polkadot/types": "^6.11.1",
        "@polkadot/types-known": "^6.11.1",
        "@polkadot/util": "^8.1.2",
        "@polkadot/util-crypto": "^8.1.2",
        "@proofid/chain-helpers": "0.0.9",
        "@proofid/config": "0.0.9",
        "@proofid/did": "0.0.9",
        "@proofid/types": "0.0.9",
        "@proofid/utils": "0.0.9",
        "tweetnacl": "^1.0.3",
        "typescript-logging": "^0.6.4"
      },
      "dependencies": {
        "tweetnacl": {
          "version": "1.0.3",
          "resolved": "https://registry.npmjs.org/tweetnacl/-/tweetnacl-1.0.3.tgz",
          "integrity": "sha512-6rt+RN7aOi1nGMyC4Xa5DdYiukl2UWCbcJft7YhxReBGQD7OAM8Pbxw6YMo4r2diNEA8FEmu32YOn9rhaiE5yw=="
        }
      }
    },
    "@proofid/did": {
      "version": "0.0.9",
      "resolved": "https://registry.npmjs.org/@proofid/did/-/did-0.0.9.tgz",
      "integrity": "sha512-CHnU9LpHd3BeU1mnPmaLQweZ26L5T9mATZabV4mWra5yF347TRgzbwYTJXnECIF2+QaKDeSyAUWZIEwOJVcSag==",
      "requires": {
        "@polkadot/api": "^6.11.1",
        "@polkadot/keyring": "^8.1.2",
        "@polkadot/types": "^6.11.1",
        "@polkadot/util": "^8.1.2",
        "@polkadot/util-crypto": "^8.1.2",
        "@proofid/chain-helpers": "0.0.9",
        "@proofid/types": "0.0.9",
        "@proofid/utils": "0.0.9",
        "cbor": "^8.0.2"
      }
    },
    "@proofid/messaging": {
      "version": "0.0.9",
      "resolved": "https://registry.npmjs.org/@proofid/messaging/-/messaging-0.0.9.tgz",
      "integrity": "sha512-Llou3802Hev1NLf1DW73R3coQUomOfxqyjXYtyNLVCce/k0J/38Y1eiIbmGd5mK9EOvJ65TgGd2wIYmS2jOw9w==",
      "requires": {
        "@polkadot/util": "^8.1.2",
        "@proofid/core": "0.0.9",
        "@proofid/did": "0.0.9",
        "@proofid/types": "0.0.9",
        "@proofid/utils": "0.0.9"
      }
    },
    "@proofid/pid-js-lib": {
      "version": "0.0.9",
      "resolved": "https://registry.npmjs.org/@proofid/pid-js-lib/-/pid-js-lib-0.0.9.tgz",
      "integrity": "sha512-nl3dovTE5V0cOQO9I+mNccx5ldbvwzjXnrRGNj6opEWXJf/C8aLB9fkcBa9vymBQRbfyushPb4+ePK54BmQwCQ==",
      "requires": {
        "@proofid/chain-helpers": "0.0.9",
        "@proofid/core": "0.0.9",
        "@proofid/did": "0.0.9",
        "@proofid/messaging": "0.0.9",
        "@proofid/types": "0.0.9",
        "@proofid/utils": "0.0.9"
      }
    },
    "@proofid/types": {
      "version": "0.0.9",
      "resolved": "https://registry.npmjs.org/@proofid/types/-/types-0.0.9.tgz",
      "integrity": "sha512-y52kAUjV51tHbQubkEVM/hKquxMB0AKoNbtbVUJ8QP4JW+9s5AeO7ANQwWiOVNBqhv4Wqtmw1/vL30pJshdmtQ==",
      "requires": {
        "@polkadot/api": "^6.11.1",
        "@polkadot/keyring": "^8.1.2",
        "@polkadot/types": "^6.11.1",
        "tweetnacl": "^1.0.3"
      },
      "dependencies": {
        "tweetnacl": {
          "version": "1.0.3",
          "resolved": "https://registry.npmjs.org/tweetnacl/-/tweetnacl-1.0.3.tgz",
          "integrity": "sha512-6rt+RN7aOi1nGMyC4Xa5DdYiukl2UWCbcJft7YhxReBGQD7OAM8Pbxw6YMo4r2diNEA8FEmu32YOn9rhaiE5yw=="
        }
      }
    },
    "@proofid/utils": {
      "version": "0.0.9",
      "resolved": "https://registry.npmjs.org/@proofid/utils/-/utils-0.0.9.tgz",
      "integrity": "sha512-N1MmUXgOAPoL50G44anhwJ0cf9XFNL25gnFXf9Eh+PIO6hwX5kG07HcD48/GDa/E/rfiP3Kjw9ERTxdw/kKxAQ==",
      "requires": {
        "@polkadot/keyring": "^8.1.2",
        "@polkadot/types": "^6.11.1",
        "@polkadot/util": "^8.1.2",
        "@polkadot/util-crypto": "^8.1.2",
        "@proofid/types": "0.0.9",
        "tweetnacl": "^1.0.3",
        "uuid": "^8.1.0"
      },
      "dependencies": {
        "tweetnacl": {
          "version": "1.0.3",
          "resolved": "https://registry.npmjs.org/tweetnacl/-/tweetnacl-1.0.3.tgz",
          "integrity": "sha512-6rt+RN7aOi1nGMyC4Xa5DdYiukl2UWCbcJft7YhxReBGQD7OAM8Pbxw6YMo4r2diNEA8FEmu32YOn9rhaiE5yw=="
        }
      }
    },
    "@types/bn.js": {
      "version": "4.11.6",
      "resolved": "https://registry.npmjs.org/@types/bn.js/-/bn.js-4.11.6.tgz",
      "integrity": "sha512-pqr857jrp2kPuO9uRjZ3PwnJTjoQy+fcdxvBTvHm6dkmEL9q+hDD/2j/0ELOBPtPnS8LjCX0gI9nbl8lVkadpg==",
      "requires": {
        "@types/node": "*"
      }
    },
    "@types/node": {
      "version": "17.0.2",
      "resolved": "https://registry.npmjs.org/@types/node/-/node-17.0.2.tgz",
      "integrity": "sha512-JepeIUPFDARgIs0zD/SKPgFsJEAF0X5/qO80llx59gOxFTboS9Amv3S+QfB7lqBId5sFXJ99BN0J6zFRvL9dDA=="
    },
    "@types/node-fetch": {
      "version": "2.5.12",
      "resolved": "https://registry.npmjs.org/@types/node-fetch/-/node-fetch-2.5.12.tgz",
      "integrity": "sha512-MKgC4dlq4kKNa/mYrwpKfzQMB5X3ee5U6fSprkKpToBqBmX4nFZL9cW5jl6sWn+xpRJ7ypWh2yyqqr8UUCstSw==",
      "requires": {
        "@types/node": "*",
        "form-data": "^3.0.0"
      }
    },
    "@types/websocket": {
      "version": "1.0.4",
      "resolved": "https://registry.npmjs.org/@types/websocket/-/websocket-1.0.4.tgz",
      "integrity": "sha512-qn1LkcFEKK8RPp459jkjzsfpbsx36BBt3oC3pITYtkoBw/aVX+EZFa5j3ThCRTNpLFvIMr5dSTD4RaMdilIOpA==",
      "requires": {
        "@types/node": "*"
      }
    },
    "asynckit": {
      "version": "0.4.0",
      "resolved": "https://registry.npmjs.org/asynckit/-/asynckit-0.4.0.tgz",
      "integrity": "sha1-x57Zf380y48robyXkLzDZkdLS3k="
    },
    "bn.js": {
      "version": "4.12.0",
      "resolved": "https://registry.npmjs.org/bn.js/-/bn.js-4.12.0.tgz",
      "integrity": "sha512-c98Bf3tPniI+scsdk237ku1Dc3ujXQTSgyiPUDEOe7tRkhrqridvh8klBv0HCEso1OLOYcHuCv/cS6DNxKH+ZA=="
    },
    "bufferutil": {
      "version": "4.0.5",
      "resolved": "https://registry.npmjs.org/bufferutil/-/bufferutil-4.0.5.tgz",
      "integrity": "sha512-HTm14iMQKK2FjFLRTM5lAVcyaUzOnqbPtesFIvREgXpJHdQm8bWS+GkQgIkfaBYRHuCnea7w8UVNfwiAQhlr9A==",
      "requires": {
        "node-gyp-build": "^4.3.0"
      }
    },
    "cbor": {
      "version": "8.1.0",
      "resolved": "https://registry.npmjs.org/cbor/-/cbor-8.1.0.tgz",
      "integrity": "sha512-DwGjNW9omn6EwP70aXsn7FQJx5kO12tX0bZkaTjzdVFM6/7nhA4t0EENocKGx6D2Bch9PE2KzCUf5SceBdeijg==",
      "requires": {
        "nofilter": "^3.1.0"
      }
    },
    "combined-stream": {
      "version": "1.0.8",
      "resolved": "https://registry.npmjs.org/combined-stream/-/combined-stream-1.0.8.tgz",
      "integrity": "sha512-FQN4MRfuJeHf7cBbBMJFXhKSDq+2kAArBlmRBvcvFE5BB1HZKXtSFASDhdlz9zOYwxh8lDdnvmMOe/+5cdoEdg==",
      "requires": {
        "delayed-stream": "~1.0.0"
      }
    },
    "d": {
      "version": "1.0.1",
      "resolved": "https://registry.npmjs.org/d/-/d-1.0.1.tgz",
      "integrity": "sha512-m62ShEObQ39CfralilEQRjH6oAMtNCV1xJyEx5LpRYUVN+EviphDgUc/F3hnYbADmkiNs67Y+3ylmlG7Lnu+FA==",
      "requires": {
        "es5-ext": "^0.10.50",
        "type": "^1.0.1"
      }
    },
    "debug": {
      "version": "2.6.9",
      "resolved": "https://registry.npmjs.org/debug/-/debug-2.6.9.tgz",
      "integrity": "sha512-bC7ElrdJaJnPbAP+1EotYvqZsb3ecl5wi6Bfi6BJTUcNowp6cvspg0jXznRTKDjm/E7AdgFBVeAPVMNcKGsHMA==",
      "requires": {
        "ms": "2.0.0"
      }
    },
    "delayed-stream": {
      "version": "1.0.0",
      "resolved": "https://registry.npmjs.org/delayed-stream/-/delayed-stream-1.0.0.tgz",
      "integrity": "sha1-3zrhmayt+31ECqrgsp4icrJOxhk="
    },
    "ed2curve": {
      "version": "0.3.0",
      "resolved": "https://registry.npmjs.org/ed2curve/-/ed2curve-0.3.0.tgz",
      "integrity": "sha512-8w2fmmq3hv9rCrcI7g9hms2pMunQr1JINfcjwR9tAyZqhtyaMN991lF/ZfHfr5tzZQ8c7y7aBgZbjfbd0fjFwQ==",
      "requires": {
        "tweetnacl": "1.x.x"
      },
      "dependencies": {
        "tweetnacl": {
          "version": "1.0.3",
          "resolved": "https://registry.npmjs.org/tweetnacl/-/tweetnacl-1.0.3.tgz",
          "integrity": "sha512-6rt+RN7aOi1nGMyC4Xa5DdYiukl2UWCbcJft7YhxReBGQD7OAM8Pbxw6YMo4r2diNEA8FEmu32YOn9rhaiE5yw=="
        }
      }
    },
    "error-stack-parser": {
      "version": "1.3.6",
      "resolved": "https://registry.npmjs.org/error-stack-parser/-/error-stack-parser-1.3.6.tgz",
      "integrity": "sha1-4Oc7k+QXE40c18C3RrGkoUhUwpI=",
      "requires": {
        "stackframe": "^0.3.1"
      }
    },
    "es5-ext": {
      "version": "0.10.53",
      "resolved": "https://registry.npmjs.org/es5-ext/-/es5-ext-0.10.53.tgz",
      "integrity": "sha512-Xs2Stw6NiNHWypzRTY1MtaG/uJlwCk8kH81920ma8mvN8Xq1gsfhZvpkImLQArw8AHnv8MT2I45J3c0R8slE+Q==",
      "requires": {
        "es6-iterator": "~2.0.3",
        "es6-symbol": "~3.1.3",
        "next-tick": "~1.0.0"
      }
    },
    "es6-iterator": {
      "version": "2.0.3",
      "resolved": "https://registry.npmjs.org/es6-iterator/-/es6-iterator-2.0.3.tgz",
      "integrity": "sha1-p96IkUGgWpSwhUQDstCg+/qY87c=",
      "requires": {
        "d": "1",
        "es5-ext": "^0.10.35",
        "es6-symbol": "^3.1.1"
      }
    },
    "es6-symbol": {
      "version": "3.1.3",
      "resolved": "https://registry.npmjs.org/es6-symbol/-/es6-symbol-3.1.3.tgz",
      "integrity": "sha512-NJ6Yn3FuDinBaBRWl/q5X/s4koRHBrgKAu+yGI6JCBeiu3qrcbJhwT2GeR/EXVfylRk8dpQVJoLEFhK+Mu31NA==",
      "requires": {
        "d": "^1.0.1",
        "ext": "^1.1.2"
      }
    },
    "eventemitter3": {
      "version": "4.0.7",
      "resolved": "https://registry.npmjs.org/eventemitter3/-/eventemitter3-4.0.7.tgz",
      "integrity": "sha512-8guHBZCwKnFhYdHr2ysuRWErTwhoN2X8XELRlrRwpmfeY2jjuUN4taQMsULKUVo1K4DvZl+0pgfyoysHxvmvEw=="
    },
    "ext": {
      "version": "1.6.0",
      "resolved": "https://registry.npmjs.org/ext/-/ext-1.6.0.tgz",
      "integrity": "sha512-sdBImtzkq2HpkdRLtlLWDa6w4DX22ijZLKx8BMPUuKe1c5lbN6xwQDQCxSfxBQnHZ13ls/FH0MQZx/q/gr6FQg==",
      "requires": {
        "type": "^2.5.0"
      },
      "dependencies": {
        "type": {
          "version": "2.5.0",
          "resolved": "https://registry.npmjs.org/type/-/type-2.5.0.tgz",
          "integrity": "sha512-180WMDQaIMm3+7hGXWf12GtdniDEy7nYcyFMKJn/eZz/6tSLXrUN9V0wKSbMjej0I1WHWbpREDEKHtqPQa9NNw=="
        }
      }
    },
    "form-data": {
      "version": "3.0.1",
      "resolved": "https://registry.npmjs.org/form-data/-/form-data-3.0.1.tgz",
      "integrity": "sha512-RHkBKtLWUVwd7SqRIvCZMEvAMoGUp0XU+seQiZejj0COz3RI3hWP4sCv3gZWWLjJTd7rGwcsF5eKZGii0r/hbg==",
      "requires": {
        "asynckit": "^0.4.0",
        "combined-stream": "^1.0.8",
        "mime-types": "^2.1.12"
      }
    },
    "ip-regex": {
      "version": "4.3.0",
      "resolved": "https://registry.npmjs.org/ip-regex/-/ip-regex-4.3.0.tgz",
      "integrity": "sha512-B9ZWJxHHOHUhUjCPrMpLD4xEq35bUTClHM1S6CBU5ixQnkZmwipwgc96vAd7AAGM9TGHvJR+Uss+/Ak6UphK+Q=="
    },
    "is-typedarray": {
      "version": "1.0.0",
      "resolved": "https://registry.npmjs.org/is-typedarray/-/is-typedarray-1.0.0.tgz",
      "integrity": "sha1-5HnICFjfDBsR3dppQPlgEfzaSpo="
    },
    "micro-base": {
      "version": "0.10.0",
      "resolved": "https://registry.npmjs.org/micro-base/-/micro-base-0.10.0.tgz",
      "integrity": "sha512-huKVznyEDZVO7pcYoVZMBR6prkxzkJSTT96T2tyHY1Wk3Sywcpb7NwxHAwKf/fmfqsdFuY2rDRR3UYkY6Uh9LQ=="
    },
    "mime-db": {
      "version": "1.51.0",
      "resolved": "https://registry.npmjs.org/mime-db/-/mime-db-1.51.0.tgz",
      "integrity": "sha512-5y8A56jg7XVQx2mbv1lu49NR4dokRnhZYTtL+KGfaa27uq4pSTXkwQkFJl4pkRMyNFz/EtYDSkiiEHx3F7UN6g=="
    },
    "mime-types": {
      "version": "2.1.34",
      "resolved": "https://registry.npmjs.org/mime-types/-/mime-types-2.1.34.tgz",
      "integrity": "sha512-6cP692WwGIs9XXdOO4++N+7qjqv0rqxxVvJ3VHPh/Sc9mVZcQP+ZGhkKiTvWMQRr2tbHkJP/Yn7Y0npb3ZBs4A==",
      "requires": {
        "mime-db": "1.51.0"
      }
    },
    "ms": {
      "version": "2.0.0",
      "resolved": "https://registry.npmjs.org/ms/-/ms-2.0.0.tgz",
      "integrity": "sha1-VgiurfwAvmwpAd9fmGF4jeDVl8g="
    },
    "next-tick": {
      "version": "1.0.0",
      "resolved": "https://registry.npmjs.org/next-tick/-/next-tick-1.0.0.tgz",
      "integrity": "sha1-yobR/ogoFpsBICCOPchCS524NCw="
    },
    "node-gyp-build": {
      "version": "4.3.0",
      "resolved": "https://registry.npmjs.org/node-gyp-build/-/node-gyp-build-4.3.0.tgz",
      "integrity": "sha512-iWjXZvmboq0ja1pUGULQBexmxq8CV4xBhX7VDOTbL7ZR4FOowwY/VOtRxBN/yKxmdGoIp4j5ysNT4u3S2pDQ3Q=="
    },
    "nofilter": {
      "version": "3.1.0",
      "resolved": "https://registry.npmjs.org/nofilter/-/nofilter-3.1.0.tgz",
      "integrity": "sha512-l2NNj07e9afPnhAhvgVrCD/oy2Ai1yfLpuo3EpiO1jFTsB4sFz6oIfAfSZyQzVpkZQ9xS8ZS5g1jCBgq4Hwo0g=="
    },
    "regenerator-runtime": {
      "version": "0.13.9",
      "resolved": "https://registry.npmjs.org/regenerator-runtime/-/regenerator-runtime-0.13.9.tgz",
      "integrity": "sha512-p3VT+cOEgxFsRRA9X4lkI1E+k2/CtnKtU4gcxyaCUreilL/vqI6CdZ3wxVUx3UOUg+gnUOQQcRI7BmSI656MYA=="
    },
    "rxjs": {
      "version": "7.4.0",
      "resolved": "https://registry.npmjs.org/rxjs/-/rxjs-7.4.0.tgz",
      "integrity": "sha512-7SQDi7xeTMCJpqViXh8gL/lebcwlp3d831F05+9B44A4B0WfsEwUQHR64gsH1kvJ+Ep/J9K2+n1hVl1CsGN23w==",
      "requires": {
        "tslib": "~2.1.0"
      }
    },
    "source-map": {
      "version": "0.5.6",
      "resolved": "https://registry.npmjs.org/source-map/-/source-map-0.5.6.tgz",
      "integrity": "sha1-dc449SvwczxafwwRjYEzSiu19BI="
    },
    "stack-generator": {
      "version": "1.1.0",
      "resolved": "https://registry.npmjs.org/stack-generator/-/stack-generator-1.1.0.tgz",
      "integrity": "sha1-NvapIHUabBD0maE8Msu19RoLiyU=",
      "requires": {
        "stackframe": "^1.0.2"
      },
      "dependencies": {
        "stackframe": {
          "version": "1.2.0",
          "resolved": "https://registry.npmjs.org/stackframe/-/stackframe-1.2.0.tgz",
          "integrity": "sha512-GrdeshiRmS1YLMYgzF16olf2jJ/IzxXY9lhKOskuVziubpTYcYqyOwYeJKzQkwy7uN0fYSsbsC4RQaXf9LCrYA=="
        }
      }
    },
    "stackframe": {
      "version": "0.3.1",
      "resolved": "https://registry.npmjs.org/stackframe/-/stackframe-0.3.1.tgz",
      "integrity": "sha1-M6qE8Rd6VUjIk1Uzy/6zQgl19aQ="
    },
    "stacktrace-gps": {
      "version": "2.4.4",
      "resolved": "https://registry.npmjs.org/stacktrace-gps/-/stacktrace-gps-2.4.4.tgz",
      "integrity": "sha1-acgn6dbW9Bz0ONfxleLjy/zyjEQ=",
      "requires": {
        "source-map": "0.5.6",
        "stackframe": "~0.3"
      }
    },
    "stacktrace-js": {
      "version": "1.3.1",
      "resolved": "https://registry.npmjs.org/stacktrace-js/-/stacktrace-js-1.3.1.tgz",
      "integrity": "sha1-Z8qyWJr1xBe5Yvc2mUAne7O2oYs=",
      "requires": {
        "error-stack-parser": "^1.3.6",
        "stack-generator": "^1.0.7",
        "stacktrace-gps": "^2.4.3"
      }
    },
    "tr46": {
      "version": "0.0.3",
      "resolved": "https://registry.npmjs.org/tr46/-/tr46-0.0.3.tgz",
      "integrity": "sha1-gYT9NH2snNwYWZLzpmIuFLnZq2o="
    },
    "tslib": {
      "version": "2.1.0",
      "resolved": "https://registry.npmjs.org/tslib/-/tslib-2.1.0.tgz",
      "integrity": "sha512-hcVC3wYEziELGGmEEXue7D75zbwIIVUMWAVbHItGPx0ziyXxrOMQx4rQEVEV45Ut/1IotuEvwqPopzIOkDMf0A=="
    },
    "type": {
      "version": "1.2.0",
      "resolved": "https://registry.npmjs.org/type/-/type-1.2.0.tgz",
      "integrity": "sha512-+5nt5AAniqsCnu2cEQQdpzCAh33kVx8n0VoFidKpB1dVVLAN/F+bgVOqOJqOnEnrhp222clB5p3vUlD+1QAnfg=="
    },
    "typedarray-to-buffer": {
      "version": "3.1.5",
      "resolved": "https://registry.npmjs.org/typedarray-to-buffer/-/typedarray-to-buffer-3.1.5.tgz",
      "integrity": "sha512-zdu8XMNEDepKKR+XYOXAVPtWui0ly0NtohUscw+UmaHiAWT8hrV1rr//H6V+0DvJ3OQ19S979M0laLfX8rm82Q==",
      "requires": {
        "is-typedarray": "^1.0.0"
      }
    },
    "typescript-logging": {
      "version": "0.6.4",
      "resolved": "https://registry.npmjs.org/typescript-logging/-/typescript-logging-0.6.4.tgz",
      "integrity": "sha512-jXISCGFyp4Q1uKLKi3zF0o8rwjeEipcIO7+C+jRttks3Ci8+8jDi9e87Jmz+8xuzZq+OcKJhDkiyHriqaWb+4A==",
      "requires": {
        "stacktrace-js": "1.3.1"
      }
    },
    "utf-8-validate": {
      "version": "5.0.7",
      "resolved": "https://registry.npmjs.org/utf-8-validate/-/utf-8-validate-5.0.7.tgz",
      "integrity": "sha512-vLt1O5Pp+flcArHGIyKEQq883nBt8nN8tVBcoL0qUXj2XT1n7p70yGIq2VK98I5FdZ1YHc0wk/koOnHjnXWk1Q==",
      "requires": {
        "node-gyp-build": "^4.3.0"
      }
    },
    "uuid": {
      "version": "8.3.2",
      "resolved": "https://registry.npmjs.org/uuid/-/uuid-8.3.2.tgz",
      "integrity": "sha512-+NYs2QeMWy+GWFOEm9xnn6HCDp0l7QBD7ml8zLUmJ+93Q5NF0NocErnwkTkXVFNiX3/fpC6afS8Dhb/gz7R7eg=="
    },
    "webidl-conversions": {
      "version": "3.0.1",
      "resolved": "https://registry.npmjs.org/webidl-conversions/-/webidl-conversions-3.0.1.tgz",
      "integrity": "sha1-JFNCdeKnvGvnvIZhHMFq4KVlSHE="
    },
    "websocket": {
      "version": "1.0.34",
      "resolved": "https://registry.npmjs.org/websocket/-/websocket-1.0.34.tgz",
      "integrity": "sha512-PRDso2sGwF6kM75QykIesBijKSVceR6jL2G8NGYyq2XrItNC2P5/qL5XeR056GhA+Ly7JMFvJb9I312mJfmqnQ==",
      "requires": {
        "bufferutil": "^4.0.1",
        "debug": "^2.2.0",
        "es5-ext": "^0.10.50",
        "typedarray-to-buffer": "^3.1.5",
        "utf-8-validate": "^5.0.2",
        "yaeti": "^0.0.6"
      }
    },
    "whatwg-url": {
      "version": "5.0.0",
      "resolved": "https://registry.npmjs.org/whatwg-url/-/whatwg-url-5.0.0.tgz",
      "integrity": "sha1-lmRU6HZUYuN2RNNib2dCzotwll0=",
      "requires": {
        "tr46": "~0.0.3",
        "webidl-conversions": "^3.0.0"
      }
    },
    "yaeti": {
      "version": "0.0.6",
      "resolved": "https://registry.npmjs.org/yaeti/-/yaeti-0.0.6.tgz",
      "integrity": "sha1-8m9ITXJoTPQr7ft2lwqhYI+/lXc="
    }
  }
}
